// !$*UTF8*$!
{
	archiveVersion = 1;
	classes = {
	};
	objectVersion = 56;
	objects = {

/* Begin PBXBuildFile section */
		245855ED29A65273003AAE28 /* AppDelegate.swift in Sources */ = {isa = PBXBuildFile; fileRef = 245855EC29A65273003AAE28 /* AppDelegate.swift */; };
		245855EF29A65273003AAE28 /* SceneDelegate.swift in Sources */ = {isa = PBXBuildFile; fileRef = 245855EE29A65273003AAE28 /* SceneDelegate.swift */; };
		245855F129A65273003AAE28 /* ViewController.swift in Sources */ = {isa = PBXBuildFile; fileRef = 245855F029A65273003AAE28 /* ViewController.swift */; };
		245855F629A65276003AAE28 /* Assets.xcassets in Resources */ = {isa = PBXBuildFile; fileRef = 245855F529A65276003AAE28 /* Assets.xcassets */; };
		245855F929A65276003AAE28 /* LaunchScreen.storyboard in Resources */ = {isa = PBXBuildFile; fileRef = 245855F729A65276003AAE28 /* LaunchScreen.storyboard */; };
		2458560429A65276003AAE28 /* PasswordTests.swift in Sources */ = {isa = PBXBuildFile; fileRef = 2458560329A65276003AAE28 /* PasswordTests.swift */; };
		2458560E29A65276003AAE28 /* PasswordUITests.swift in Sources */ = {isa = PBXBuildFile; fileRef = 2458560D29A65276003AAE28 /* PasswordUITests.swift */; };
		2458561029A65276003AAE28 /* PasswordUITestsLaunchTests.swift in Sources */ = {isa = PBXBuildFile; fileRef = 2458560F29A65276003AAE28 /* PasswordUITestsLaunchTests.swift */; };
		2458561E29A65DB0003AAE28 /* PasswordLoginView.swift in Sources */ = {isa = PBXBuildFile; fileRef = 2458561D29A65DB0003AAE28 /* PasswordLoginView.swift */; };
		2458562129A77DDF003AAE28 /* PasswordCriteriaView.swift in Sources */ = {isa = PBXBuildFile; fileRef = 2458562029A77DDF003AAE28 /* PasswordCriteriaView.swift */; };
		2458562329A79A2D003AAE28 /* PasswordStatusView.swift in Sources */ = {isa = PBXBuildFile; fileRef = 2458562229A79A2D003AAE28 /* PasswordStatusView.swift */; };
		2458564529ACA92F003AAE28 /* PasswordCriteria.swift in Sources */ = {isa = PBXBuildFile; fileRef = 2458564429ACA92F003AAE28 /* PasswordCriteria.swift */; };
		2458564829ADF290003AAE28 /* UIResponder+Utils.swift in Sources */ = {isa = PBXBuildFile; fileRef = 2458564729ADF290003AAE28 /* UIResponder+Utils.swift */; };
/* End PBXBuildFile section */

/* Begin PBXContainerItemProxy section */
		2458560029A65276003AAE28 /* PBXContainerItemProxy */ = {
			isa = PBXContainerItemProxy;
			containerPortal = 245855E129A65273003AAE28 /* Project object */;
			proxyType = 1;
			remoteGlobalIDString = 245855E829A65273003AAE28;
			remoteInfo = Password;
		};
		2458560A29A65276003AAE28 /* PBXContainerItemProxy */ = {
			isa = PBXContainerItemProxy;
			containerPortal = 245855E129A65273003AAE28 /* Project object */;
			proxyType = 1;
			remoteGlobalIDString = 245855E829A65273003AAE28;
			remoteInfo = Password;
		};
/* End PBXContainerItemProxy section */

/* Begin PBXFileReference section */
		245855E929A65273003AAE28 /* Password.app */ = {isa = PBXFileReference; explicitFileType = wrapper.application; includeInIndex = 0; path = Password.app; sourceTree = BUILT_PRODUCTS_DIR; };
		245855EC29A65273003AAE28 /* AppDelegate.swift */ = {isa = PBXFileReference; lastKnownFileType = sourcecode.swift; path = AppDelegate.swift; sourceTree = "<group>"; };
		245855EE29A65273003AAE28 /* SceneDelegate.swift */ = {isa = PBXFileReference; lastKnownFileType = sourcecode.swift; path = SceneDelegate.swift; sourceTree = "<group>"; };
		245855F029A65273003AAE28 /* ViewController.swift */ = {isa = PBXFileReference; lastKnownFileType = sourcecode.swift; path = ViewController.swift; sourceTree = "<group>"; };
		245855F529A65276003AAE28 /* Assets.xcassets */ = {isa = PBXFileReference; lastKnownFileType = folder.assetcatalog; path = Assets.xcassets; sourceTree = "<group>"; };
		245855F829A65276003AAE28 /* Base */ = {isa = PBXFileReference; lastKnownFileType = file.storyboard; name = Base; path = Base.lproj/LaunchScreen.storyboard; sourceTree = "<group>"; };
		245855FA29A65276003AAE28 /* Info.plist */ = {isa = PBXFileReference; lastKnownFileType = text.plist.xml; path = Info.plist; sourceTree = "<group>"; };
		245855FF29A65276003AAE28 /* PasswordTests.xctest */ = {isa = PBXFileReference; explicitFileType = wrapper.cfbundle; includeInIndex = 0; path = PasswordTests.xctest; sourceTree = BUILT_PRODUCTS_DIR; };
		2458560329A65276003AAE28 /* PasswordTests.swift */ = {isa = PBXFileReference; lastKnownFileType = sourcecode.swift; path = PasswordTests.swift; sourceTree = "<group>"; };
		2458560929A65276003AAE28 /* PasswordUITests.xctest */ = {isa = PBXFileReference; explicitFileType = wrapper.cfbundle; includeInIndex = 0; path = PasswordUITests.xctest; sourceTree = BUILT_PRODUCTS_DIR; };
		2458560D29A65276003AAE28 /* PasswordUITests.swift */ = {isa = PBXFileReference; lastKnownFileType = sourcecode.swift; path = PasswordUITests.swift; sourceTree = "<group>"; };
		2458560F29A65276003AAE28 /* PasswordUITestsLaunchTests.swift */ = {isa = PBXFileReference; lastKnownFileType = sourcecode.swift; path = PasswordUITestsLaunchTests.swift; sourceTree = "<group>"; };
		2458561D29A65DB0003AAE28 /* PasswordLoginView.swift */ = {isa = PBXFileReference; lastKnownFileType = sourcecode.swift; path = PasswordLoginView.swift; sourceTree = "<group>"; };
		2458562029A77DDF003AAE28 /* PasswordCriteriaView.swift */ = {isa = PBXFileReference; lastKnownFileType = sourcecode.swift; path = PasswordCriteriaView.swift; sourceTree = "<group>"; };
		2458562229A79A2D003AAE28 /* PasswordStatusView.swift */ = {isa = PBXFileReference; lastKnownFileType = sourcecode.swift; path = PasswordStatusView.swift; sourceTree = "<group>"; };
		2458564429ACA92F003AAE28 /* PasswordCriteria.swift */ = {isa = PBXFileReference; lastKnownFileType = sourcecode.swift; path = PasswordCriteria.swift; sourceTree = "<group>"; };
		2458564729ADF290003AAE28 /* UIResponder+Utils.swift */ = {isa = PBXFileReference; lastKnownFileType = sourcecode.swift; path = "UIResponder+Utils.swift"; sourceTree = "<group>"; };
/* End PBXFileReference section */

/* Begin PBXFrameworksBuildPhase section */
		245855E629A65273003AAE28 /* Frameworks */ = {
			isa = PBXFrameworksBuildPhase;
			buildActionMask = 2147483647;
			files = (
			);
			runOnlyForDeploymentPostprocessing = 0;
		};
		245855FC29A65276003AAE28 /* Frameworks */ = {
			isa = PBXFrameworksBuildPhase;
			buildActionMask = 2147483647;
			files = (
			);
			runOnlyForDeploymentPostprocessing = 0;
		};
		2458560629A65276003AAE28 /* Frameworks */ = {
			isa = PBXFrameworksBuildPhase;
			buildActionMask = 2147483647;
			files = (
			);
			runOnlyForDeploymentPostprocessing = 0;
		};
/* End PBXFrameworksBuildPhase section */

/* Begin PBXGroup section */
		245855E029A65273003AAE28 = {
			isa = PBXGroup;
			children = (
				245855EB29A65273003AAE28 /* Password */,
				2458561F29A77DA8003AAE28 /* PasswordStatusView */,
				2458564629ADF26A003AAE28 /* Utils */,
				2458561C29A655E1003AAE28 /* SystemFiles */,
				2458560229A65276003AAE28 /* PasswordTests */,
				2458560C29A65276003AAE28 /* PasswordUITests */,
				245855EA29A65273003AAE28 /* Products */,
			);
			sourceTree = "<group>";
		};
		245855EA29A65273003AAE28 /* Products */ = {
			isa = PBXGroup;
			children = (
				245855E929A65273003AAE28 /* Password.app */,
				245855FF29A65276003AAE28 /* PasswordTests.xctest */,
				2458560929A65276003AAE28 /* PasswordUITests.xctest */,
			);
			name = Products;
			sourceTree = "<group>";
		};
		245855EB29A65273003AAE28 /* Password */ = {
			isa = PBXGroup;
			children = (
				245855EE29A65273003AAE28 /* SceneDelegate.swift */,
				245855F029A65273003AAE28 /* ViewController.swift */,
				2458561D29A65DB0003AAE28 /* PasswordLoginView.swift */,
			);
			path = Password;
			sourceTree = "<group>";
		};
		2458560229A65276003AAE28 /* PasswordTests */ = {
			isa = PBXGroup;
			children = (
				2458560329A65276003AAE28 /* PasswordTests.swift */,
			);
			path = PasswordTests;
			sourceTree = "<group>";
		};
		2458560C29A65276003AAE28 /* PasswordUITests */ = {
			isa = PBXGroup;
			children = (
				2458560D29A65276003AAE28 /* PasswordUITests.swift */,
				2458560F29A65276003AAE28 /* PasswordUITestsLaunchTests.swift */,
			);
			path = PasswordUITests;
			sourceTree = "<group>";
		};
		2458561C29A655E1003AAE28 /* SystemFiles */ = {
			isa = PBXGroup;
			children = (
				245855FA29A65276003AAE28 /* Info.plist */,
				245855F729A65276003AAE28 /* LaunchScreen.storyboard */,
				245855EC29A65273003AAE28 /* AppDelegate.swift */,
				245855F529A65276003AAE28 /* Assets.xcassets */,
			);
			name = SystemFiles;
			path = Password;
			sourceTree = "<group>";
		};
		2458561F29A77DA8003AAE28 /* PasswordStatusView */ = {
			isa = PBXGroup;
			children = (
				2458562029A77DDF003AAE28 /* PasswordCriteriaView.swift */,
				2458562229A79A2D003AAE28 /* PasswordStatusView.swift */,
				2458564429ACA92F003AAE28 /* PasswordCriteria.swift */,
			);
			path = PasswordStatusView;
			sourceTree = "<group>";
		};
		2458564629ADF26A003AAE28 /* Utils */ = {
			isa = PBXGroup;
			children = (
				2458564729ADF290003AAE28 /* UIResponder+Utils.swift */,
			);
			path = Utils;
			sourceTree = "<group>";
		};
/* End PBXGroup section */

/* Begin PBXNativeTarget section */
		245855E829A65273003AAE28 /* Password */ = {
			isa = PBXNativeTarget;
			buildConfigurationList = 2458561329A65276003AAE28 /* Build configuration list for PBXNativeTarget "Password" */;
			buildPhases = (
				245855E529A65273003AAE28 /* Sources */,
				245855E629A65273003AAE28 /* Frameworks */,
				245855E729A65273003AAE28 /* Resources */,
			);
			buildRules = (
			);
			dependencies = (
			);
			name = Password;
			productName = Password;
			productReference = 245855E929A65273003AAE28 /* Password.app */;
			productType = "com.apple.product-type.application";
		};
		245855FE29A65276003AAE28 /* PasswordTests */ = {
			isa = PBXNativeTarget;
			buildConfigurationList = 2458561629A65276003AAE28 /* Build configuration list for PBXNativeTarget "PasswordTests" */;
			buildPhases = (
				245855FB29A65276003AAE28 /* Sources */,
				245855FC29A65276003AAE28 /* Frameworks */,
				245855FD29A65276003AAE28 /* Resources */,
			);
			buildRules = (
			);
			dependencies = (
				2458560129A65276003AAE28 /* PBXTargetDependency */,
			);
			name = PasswordTests;
			productName = PasswordTests;
			productReference = 245855FF29A65276003AAE28 /* PasswordTests.xctest */;
			productType = "com.apple.product-type.bundle.unit-test";
		};
		2458560829A65276003AAE28 /* PasswordUITests */ = {
			isa = PBXNativeTarget;
			buildConfigurationList = 2458561929A65276003AAE28 /* Build configuration list for PBXNativeTarget "PasswordUITests" */;
			buildPhases = (
				2458560529A65276003AAE28 /* Sources */,
				2458560629A65276003AAE28 /* Frameworks */,
				2458560729A65276003AAE28 /* Resources */,
			);
			buildRules = (
			);
			dependencies = (
				2458560B29A65276003AAE28 /* PBXTargetDependency */,
			);
			name = PasswordUITests;
			productName = PasswordUITests;
			productReference = 2458560929A65276003AAE28 /* PasswordUITests.xctest */;
			productType = "com.apple.product-type.bundle.ui-testing";
		};
/* End PBXNativeTarget section */

/* Begin PBXProject section */
		245855E129A65273003AAE28 /* Project object */ = {
			isa = PBXProject;
			attributes = {
				BuildIndependentTargetsInParallel = 1;
				LastSwiftUpdateCheck = 1420;
				LastUpgradeCheck = 1420;
				TargetAttributes = {
					245855E829A65273003AAE28 = {
						CreatedOnToolsVersion = 14.2;
					};
					245855FE29A65276003AAE28 = {
						CreatedOnToolsVersion = 14.2;
						TestTargetID = 245855E829A65273003AAE28;
					};
					2458560829A65276003AAE28 = {
						CreatedOnToolsVersion = 14.2;
						TestTargetID = 245855E829A65273003AAE28;
					};
				};
			};
			buildConfigurationList = 245855E429A65273003AAE28 /* Build configuration list for PBXProject "Password" */;
			compatibilityVersion = "Xcode 14.0";
			developmentRegion = en;
			hasScannedForEncodings = 0;
			knownRegions = (
				en,
				Base,
			);
			mainGroup = 245855E029A65273003AAE28;
			productRefGroup = 245855EA29A65273003AAE28 /* Products */;
			projectDirPath = "";
			projectRoot = "";
			targets = (
				245855E829A65273003AAE28 /* Password */,
				245855FE29A65276003AAE28 /* PasswordTests */,
				2458560829A65276003AAE28 /* PasswordUITests */,
			);
		};
/* End PBXProject section */

/* Begin PBXResourcesBuildPhase section */
		245855E729A65273003AAE28 /* Resources */ = {
			isa = PBXResourcesBuildPhase;
			buildActionMask = 2147483647;
			files = (
				245855F929A65276003AAE28 /* LaunchScreen.storyboard in Resources */,
				245855F629A65276003AAE28 /* Assets.xcassets in Resources */,
			);
			runOnlyForDeploymentPostprocessing = 0;
		};
		245855FD29A65276003AAE28 /* Resources */ = {
			isa = PBXResourcesBuildPhase;
			buildActionMask = 2147483647;
			files = (
			);
			runOnlyForDeploymentPostprocessing = 0;
		};
		2458560729A65276003AAE28 /* Resources */ = {
			isa = PBXResourcesBuildPhase;
			buildActionMask = 2147483647;
			files = (
			);
			runOnlyForDeploymentPostprocessing = 0;
		};
/* End PBXResourcesBuildPhase section */

/* Begin PBXSourcesBuildPhase section */
		245855E529A65273003AAE28 /* Sources */ = {
			isa = PBXSourcesBuildPhase;
			buildActionMask = 2147483647;
			files = (
				245855F129A65273003AAE28 /* ViewController.swift in Sources */,
				2458561E29A65DB0003AAE28 /* PasswordLoginView.swift in Sources */,
				2458562129A77DDF003AAE28 /* PasswordCriteriaView.swift in Sources */,
				2458562329A79A2D003AAE28 /* PasswordStatusView.swift in Sources */,
				245855ED29A65273003AAE28 /* AppDelegate.swift in Sources */,
				2458564529ACA92F003AAE28 /* PasswordCriteria.swift in Sources */,
				2458564829ADF290003AAE28 /* UIResponder+Utils.swift in Sources */,
				245855EF29A65273003AAE28 /* SceneDelegate.swift in Sources */,
			);
			runOnlyForDeploymentPostprocessing = 0;
		};
		245855FB29A65276003AAE28 /* Sources */ = {
			isa = PBXSourcesBuildPhase;
			buildActionMask = 2147483647;
			files = (
				2458560429A65276003AAE28 /* PasswordTests.swift in Sources */,
			);
			runOnlyForDeploymentPostprocessing = 0;
		};
		2458560529A65276003AAE28 /* Sources */ = {
			isa = PBXSourcesBuildPhase;
			buildActionMask = 2147483647;
			files = (
				2458561029A65276003AAE28 /* PasswordUITestsLaunchTests.swift in Sources */,
				2458560E29A65276003AAE28 /* PasswordUITests.swift in Sources */,
			);
			runOnlyForDeploymentPostprocessing = 0;
		};
/* End PBXSourcesBuildPhase section */

/* Begin PBXTargetDependency section */
		2458560129A65276003AAE28 /* PBXTargetDependency */ = {
			isa = PBXTargetDependency;
			target = 245855E829A65273003AAE28 /* Password */;
			targetProxy = 2458560029A65276003AAE28 /* PBXContainerItemProxy */;
		};
		2458560B29A65276003AAE28 /* PBXTargetDependency */ = {
			isa = PBXTargetDependency;
			target = 245855E829A65273003AAE28 /* Password */;
			targetProxy = 2458560A29A65276003AAE28 /* PBXContainerItemProxy */;
		};
/* End PBXTargetDependency section */

/* Begin PBXVariantGroup section */
		245855F729A65276003AAE28 /* LaunchScreen.storyboard */ = {
			isa = PBXVariantGroup;
			children = (
				245855F829A65276003AAE28 /* Base */,
			);
			name = LaunchScreen.storyboard;
			sourceTree = "<group>";
		};
/* End PBXVariantGroup section */

/* Begin XCBuildConfiguration section */
		2458561129A65276003AAE28 /* Debug */ = {
			isa = XCBuildConfiguration;
			buildSettings = {
				ALWAYS_SEARCH_USER_PATHS = NO;
				CLANG_ANALYZER_NONNULL = YES;
				CLANG_ANALYZER_NUMBER_OBJECT_CONVERSION = YES_AGGRESSIVE;
				CLANG_CXX_LANGUAGE_STANDARD = "gnu++20";
				CLANG_ENABLE_MODULES = YES;
				CLANG_ENABLE_OBJC_ARC = YES;
				CLANG_ENABLE_OBJC_WEAK = YES;
				CLANG_WARN_BLOCK_CAPTURE_AUTORELEASING = YES;
				CLANG_WARN_BOOL_CONVERSION = YES;
				CLANG_WARN_COMMA = YES;
				CLANG_WARN_CONSTANT_CONVERSION = YES;
				CLANG_WARN_DEPRECATED_OBJC_IMPLEMENTATIONS = YES;
				CLANG_WARN_DIRECT_OBJC_ISA_USAGE = YES_ERROR;
				CLANG_WARN_DOCUMENTATION_COMMENTS = YES;
				CLANG_WARN_EMPTY_BODY = YES;
				CLANG_WARN_ENUM_CONVERSION = YES;
				CLANG_WARN_INFINITE_RECURSION = YES;
				CLANG_WARN_INT_CONVERSION = YES;
				CLANG_WARN_NON_LITERAL_NULL_CONVERSION = YES;
				CLANG_WARN_OBJC_IMPLICIT_RETAIN_SELF = YES;
				CLANG_WARN_OBJC_LITERAL_CONVERSION = YES;
				CLANG_WARN_OBJC_ROOT_CLASS = YES_ERROR;
				CLANG_WARN_QUOTED_INCLUDE_IN_FRAMEWORK_HEADER = YES;
				CLANG_WARN_RANGE_LOOP_ANALYSIS = YES;
				CLANG_WARN_STRICT_PROTOTYPES = YES;
				CLANG_WARN_SUSPICIOUS_MOVE = YES;
				CLANG_WARN_UNGUARDED_AVAILABILITY = YES_AGGRESSIVE;
				CLANG_WARN_UNREACHABLE_CODE = YES;
				CLANG_WARN__DUPLICATE_METHOD_MATCH = YES;
				COPY_PHASE_STRIP = NO;
				DEBUG_INFORMATION_FORMAT = dwarf;
				ENABLE_STRICT_OBJC_MSGSEND = YES;
				ENABLE_TESTABILITY = YES;
				GCC_C_LANGUAGE_STANDARD = gnu11;
				GCC_DYNAMIC_NO_PIC = NO;
				GCC_NO_COMMON_BLOCKS = YES;
				GCC_OPTIMIZATION_LEVEL = 0;
				GCC_PREPROCESSOR_DEFINITIONS = (
					"DEBUG=1",
					"$(inherited)",
				);
				GCC_WARN_64_TO_32_BIT_CONVERSION = YES;
				GCC_WARN_ABOUT_RETURN_TYPE = YES_ERROR;
				GCC_WARN_UNDECLARED_SELECTOR = YES;
				GCC_WARN_UNINITIALIZED_AUTOS = YES_AGGRESSIVE;
				GCC_WARN_UNUSED_FUNCTION = YES;
				GCC_WARN_UNUSED_VARIABLE = YES;
				IPHONEOS_DEPLOYMENT_TARGET = 16.2;
				MTL_ENABLE_DEBUG_INFO = INCLUDE_SOURCE;
				MTL_FAST_MATH = YES;
				ONLY_ACTIVE_ARCH = YES;
				SDKROOT = iphoneos;
				SWIFT_ACTIVE_COMPILATION_CONDITIONS = DEBUG;
				SWIFT_OPTIMIZATION_LEVEL = "-Onone";
			};
			name = Debug;
		};
		2458561229A65276003AAE28 /* Release */ = {
			isa = XCBuildConfiguration;
			buildSettings = {
				ALWAYS_SEARCH_USER_PATHS = NO;
				CLANG_ANALYZER_NONNULL = YES;
				CLANG_ANALYZER_NUMBER_OBJECT_CONVERSION = YES_AGGRESSIVE;
				CLANG_CXX_LANGUAGE_STANDARD = "gnu++20";
				CLANG_ENABLE_MODULES = YES;
				CLANG_ENABLE_OBJC_ARC = YES;
				CLANG_ENABLE_OBJC_WEAK = YES;
				CLANG_WARN_BLOCK_CAPTURE_AUTORELEASING = YES;
				CLANG_WARN_BOOL_CONVERSION = YES;
				CLANG_WARN_COMMA = YES;
				CLANG_WARN_CONSTANT_CONVERSION = YES;
				CLANG_WARN_DEPRECATED_OBJC_IMPLEMENTATIONS = YES;
				CLANG_WARN_DIRECT_OBJC_ISA_USAGE = YES_ERROR;
				CLANG_WARN_DOCUMENTATION_COMMENTS = YES;
				CLANG_WARN_EMPTY_BODY = YES;
				CLANG_WARN_ENUM_CONVERSION = YES;
				CLANG_WARN_INFINITE_RECURSION = YES;
				CLANG_WARN_INT_CONVERSION = YES;
				CLANG_WARN_NON_LITERAL_NULL_CONVERSION = YES;
				CLANG_WARN_OBJC_IMPLICIT_RETAIN_SELF = YES;
				CLANG_WARN_OBJC_LITERAL_CONVERSION = YES;
				CLANG_WARN_OBJC_ROOT_CLASS = YES_ERROR;
				CLANG_WARN_QUOTED_INCLUDE_IN_FRAMEWORK_HEADER = YES;
				CLANG_WARN_RANGE_LOOP_ANALYSIS = YES;
				CLANG_WARN_STRICT_PROTOTYPES = YES;
				CLANG_WARN_SUSPICIOUS_MOVE = YES;
				CLANG_WARN_UNGUARDED_AVAILABILITY = YES_AGGRESSIVE;
				CLANG_WARN_UNREACHABLE_CODE = YES;
				CLANG_WARN__DUPLICATE_METHOD_MATCH = YES;
				COPY_PHASE_STRIP = NO;
				DEBUG_INFORMATION_FORMAT = "dwarf-with-dsym";
				ENABLE_NS_ASSERTIONS = NO;
				ENABLE_STRICT_OBJC_MSGSEND = YES;
				GCC_C_LANGUAGE_STANDARD = gnu11;
				GCC_NO_COMMON_BLOCKS = YES;
				GCC_WARN_64_TO_32_BIT_CONVERSION = YES;
				GCC_WARN_ABOUT_RETURN_TYPE = YES_ERROR;
				GCC_WARN_UNDECLARED_SELECTOR = YES;
				GCC_WARN_UNINITIALIZED_AUTOS = YES_AGGRESSIVE;
				GCC_WARN_UNUSED_FUNCTION = YES;
				GCC_WARN_UNUSED_VARIABLE = YES;
				IPHONEOS_DEPLOYMENT_TARGET = 16.2;
				MTL_ENABLE_DEBUG_INFO = NO;
				MTL_FAST_MATH = YES;
				SDKROOT = iphoneos;
				SWIFT_COMPILATION_MODE = wholemodule;
				SWIFT_OPTIMIZATION_LEVEL = "-O";
				VALIDATE_PRODUCT = YES;
			};
			name = Release;
		};
		2458561429A65276003AAE28 /* Debug */ = {
			isa = XCBuildConfiguration;
			buildSettings = {
				ASSETCATALOG_COMPILER_APPICON_NAME = AppIcon;
				ASSETCATALOG_COMPILER_GLOBAL_ACCENT_COLOR_NAME = AccentColor;
				CODE_SIGN_STYLE = Automatic;
				CURRENT_PROJECT_VERSION = 1;
				DEVELOPMENT_TEAM = 5C86U37WWL;
				GENERATE_INFOPLIST_FILE = YES;
				INFOPLIST_FILE = Password/Info.plist;
				INFOPLIST_KEY_UIApplicationSupportsIndirectInputEvents = YES;
				INFOPLIST_KEY_UILaunchStoryboardName = LaunchScreen;
				INFOPLIST_KEY_UISupportedInterfaceOrientations_iPad = "UIInterfaceOrientationPortrait UIInterfaceOrientationPortraitUpsideDown UIInterfaceOrientationLandscapeLeft UIInterfaceOrientationLandscapeRight";
				INFOPLIST_KEY_UISupportedInterfaceOrientations_iPhone = "UIInterfaceOrientationPortrait UIInterfaceOrientationLandscapeLeft UIInterfaceOrientationLandscapeRight";
				LD_RUNPATH_SEARCH_PATHS = (
					"$(inherited)",
					"@executable_path/Frameworks",
				);
				MARKETING_VERSION = 1.0;
				PRODUCT_BUNDLE_IDENTIFIER = me.Password;
				PRODUCT_NAME = "$(TARGET_NAME)";
				SWIFT_EMIT_LOC_STRINGS = YES;
				SWIFT_VERSION = 5.0;
				TARGETED_DEVICE_FAMILY = "1,2";
			};
			name = Debug;
		};
		2458561529A65276003AAE28 /* Release */ = {
			isa = XCBuildConfiguration;
			buildSettings = {
				ASSETCATALOG_COMPILER_APPICON_NAME = AppIcon;
				ASSETCATALOG_COMPILER_GLOBAL_ACCENT_COLOR_NAME = AccentColor;
				CODE_SIGN_STYLE = Automatic;
				CURRENT_PROJECT_VERSION = 1;
				DEVELOPMENT_TEAM = 5C86U37WWL;
				GENERATE_INFOPLIST_FILE = YES;
				INFOPLIST_FILE = Password/Info.plist;
				INFOPLIST_KEY_UIApplicationSupportsIndirectInputEvents = YES;
				INFOPLIST_KEY_UILaunchStoryboardName = LaunchScreen;
				INFOPLIST_KEY_UISupportedInterfaceOrientations_iPad = "UIInterfaceOrientationPortrait UIInterfaceOrientationPortraitUpsideDown UIInterfaceOrientationLandscapeLeft UIInterfaceOrientationLandscapeRight";
				INFOPLIST_KEY_UISupportedInterfaceOrientations_iPhone = "UIInterfaceOrientationPortrait UIInterfaceOrientationLandscapeLeft UIInterfaceOrientationLandscapeRight";
				LD_RUNPATH_SEARCH_PATHS = (
					"$(inherited)",
					"@executable_path/Frameworks",
				);
				MARKETING_VERSION = 1.0;
				PRODUCT_BUNDLE_IDENTIFIER = me.Password;
				PRODUCT_NAME = "$(TARGET_NAME)";
				SWIFT_EMIT_LOC_STRINGS = YES;
				SWIFT_VERSION = 5.0;
				TARGETED_DEVICE_FAMILY = "1,2";
			};
			name = Release;
		};
		2458561729A65276003AAE28 /* Debug */ = {
			isa = XCBuildConfiguration;
			buildSettings = {
				ALWAYS_EMBED_SWIFT_STANDARD_LIBRARIES = YES;
				BUNDLE_LOADER = "$(TEST_HOST)";
				CODE_SIGN_STYLE = Automatic;
				CURRENT_PROJECT_VERSION = 1;
				DEVELOPMENT_TEAM = 5C86U37WWL;
				GENERATE_INFOPLIST_FILE = YES;
				IPHONEOS_DEPLOYMENT_TARGET = 16.2;
				MARKETING_VERSION = 1.0;
				PRODUCT_BUNDLE_IDENTIFIER = me.PasswordTests;
				PRODUCT_NAME = "$(TARGET_NAME)";
				SWIFT_EMIT_LOC_STRINGS = NO;
				SWIFT_VERSION = 5.0;
				TARGETED_DEVICE_FAMILY = "1,2";
				TEST_HOST = "$(BUILT_PRODUCTS_DIR)/Password.app/$(BUNDLE_EXECUTABLE_FOLDER_PATH)/Password";
			};
			name = Debug;
		};
		2458561829A65276003AAE28 /* Release */ = {
			isa = XCBuildConfiguration;
			buildSettings = {
				ALWAYS_EMBED_SWIFT_STANDARD_LIBRARIES = YES;
				BUNDLE_LOADER = "$(TEST_HOST)";
				CODE_SIGN_STYLE = Automatic;
				CURRENT_PROJECT_VERSION = 1;
				DEVELOPMENT_TEAM = 5C86U37WWL;
				GENERATE_INFOPLIST_FILE = YES;
				IPHONEOS_DEPLOYMENT_TARGET = 16.2;
				MARKETING_VERSION = 1.0;
				PRODUCT_BUNDLE_IDENTIFIER = me.PasswordTests;
				PRODUCT_NAME = "$(TARGET_NAME)";
				SWIFT_EMIT_LOC_STRINGS = NO;
				SWIFT_VERSION = 5.0;
				TARGETED_DEVICE_FAMILY = "1,2";
				TEST_HOST = "$(BUILT_PRODUCTS_DIR)/Password.app/$(BUNDLE_EXECUTABLE_FOLDER_PATH)/Password";
			};
			name = Release;
		};
		2458561A29A65276003AAE28 /* Debug */ = {
			isa = XCBuildConfiguration;
			buildSettings = {
				ALWAYS_EMBED_SWIFT_STANDARD_LIBRARIES = YES;
				CODE_SIGN_STYLE = Automatic;
				CURRENT_PROJECT_VERSION = 1;
				DEVELOPMENT_TEAM = 5C86U37WWL;
				GENERATE_INFOPLIST_FILE = YES;
				MARKETING_VERSION = 1.0;
				PRODUCT_BUNDLE_IDENTIFIER = me.PasswordUITests;
				PRODUCT_NAME = "$(TARGET_NAME)";
				SWIFT_EMIT_LOC_STRINGS = NO;
				SWIFT_VERSION = 5.0;
				TARGETED_DEVICE_FAMILY = "1,2";
				TEST_TARGET_NAME = Password;
			};
			name = Debug;
		};
		2458561B29A65276003AAE28 /* Release */ = {
			isa = XCBuildConfiguration;
			buildSettings = {
				ALWAYS_EMBED_SWIFT_STANDARD_LIBRARIES = YES;
				CODE_SIGN_STYLE = Automatic;
				CURRENT_PROJECT_VERSION = 1;
				DEVELOPMENT_TEAM = 5C86U37WWL;
				GENERATE_INFOPLIST_FILE = YES;
				MARKETING_VERSION = 1.0;
				PRODUCT_BUNDLE_IDENTIFIER = me.PasswordUITests;
				PRODUCT_NAME = "$(TARGET_NAME)";
				SWIFT_EMIT_LOC_STRINGS = NO;
				SWIFT_VERSION = 5.0;
				TARGETED_DEVICE_FAMILY = "1,2";
				TEST_TARGET_NAME = Password;
			};
			name = Release;
		};
/* End XCBuildConfiguration section */

/* Begin XCConfigurationList section */
		245855E429A65273003AAE28 /* Build configuration list for PBXProject "Password" */ = {
			isa = XCConfigurationList;
			buildConfigurations = (
				2458561129A65276003AAE28 /* Debug */,
				2458561229A65276003AAE28 /* Release */,
			);
			defaultConfigurationIsVisible = 0;
			defaultConfigurationName = Release;
		};
		2458561329A65276003AAE28 /* Build configuration list for PBXNativeTarget "Password" */ = {
			isa = XCConfigurationList;
			buildConfigurations = (
				2458561429A65276003AAE28 /* Debug */,
				2458561529A65276003AAE28 /* Release */,
			);
			defaultConfigurationIsVisible = 0;
			defaultConfigurationName = Release;
		};
		2458561629A65276003AAE28 /* Build configuration list for PBXNativeTarget "PasswordTests" */ = {
			isa = XCConfigurationList;
			buildConfigurations = (
				2458561729A65276003AAE28 /* Debug */,
				2458561829A65276003AAE28 /* Release */,
			);
			defaultConfigurationIsVisible = 0;
			defaultConfigurationName = Release;
		};
		2458561929A65276003AAE28 /* Build configuration list for PBXNativeTarget "PasswordUITests" */ = {
			isa = XCConfigurationList;
			buildConfigurations = (
				2458561A29A65276003AAE28 /* Debug */,
				2458561B29A65276003AAE28 /* Release */,
			);
			defaultConfigurationIsVisible = 0;
			defaultConfigurationName = Release;
		};
/* End XCConfigurationList section */
	};
	rootObject = 245855E129A65273003AAE28 /* Project object */;
}
